Microsoft Visual Studio Solution File, Format Version 11.00
# Visual Studio 2008

Project("{66D1C2D9-1B0C-CDF5-2889-750EFB28E463}") = "1942_ripoff", "Assembly-CSharp-vs.csproj", "{8ED80140-34A6-7FD7-256B-BA6D6A81C6CB}"
EndProject
Global
	GlobalSection(SolutionConfigurationPlatforms) = preSolution
		Debug|Any CPU = Debug|Any CPU
		Release|Any CPU = Release|Any CPU
	EndGlobalSection
	GlobalSection(ProjectConfigurationPlatforms) = postSolution
		{8ED80140-34A6-7FD7-256B-BA6D6A81C6CB}.Debug|Any CPU.ActiveCfg = Debug|Any CPU
		{8ED80140-34A6-7FD7-256B-BA6D6A81C6CB}.Debug|Any CPU.Build.0 = Debug|Any CPU
		{8ED80140-34A6-7FD7-256B-BA6D6A81C6CB}.Release|Any CPU.ActiveCfg = Release|Any CPU
		{8ED80140-34A6-7FD7-256B-BA6D6A81C6CB}.Release|Any CPU.Build.0 = Release|Any CPU
	EndGlobalSection
	GlobalSection(SolutionProperties) = preSolution
		HideSolutionNode = FALSE
	EndGlobalSection
						GlobalSection(MonoDevelopProperties) = preSolution
		StartupItem = Assembly-CSharp.csproj
		Policies = $0
		$0.TextStylePolicy = $1
		$1.inheritsSet = null
		$1.scope = text/x-csharp
		$0.CSharpFormattingPolicy = $2
		$2.inheritsSet = Mono
		$2.inheritsScope = text/x-csharp
		$2.scope = text/x-csharp
		$0.TextStylePolicy = $3
		$3.FileWidth = 120
		$3.TabWidth = 4
		$3.EolMarker = Unix
		$3.inheritsSet = Mono
		$3.inheritsScope = text/plain
		$3.scope = text/plain
	EndGlobalSection

EndGlobal
